{
  "name": "fft-cpp",
  "version": "1.0.0",
  "lockfileVersion": 2,
  "requires": true,
  "packages": {
    "": {
      "name": "fft-cpp",
      "version": "1.0.0",
      "license": "MIT",
      "dependencies": {
        "base64": "file:../base64",
        "complex": "file:../complex",
        "fft-api": "file:../fft-api"
      },
      "devDependencies": {
        "@types/node": "^17.0.25",
        "typescript": "^4.6.3"
      }
    },
    "../base64": {
      "version": "1.0.0",
      "license": "MIT",
      "devDependencies": {
        "typescript": "^4.6.4"
      }
    },
    "../complex": {
      "version": "1.0.0",
      "license": "MIT",
      "devDependencies": {
        "typescript": "^4.6.3"
      }
    },
    "../complex/node_modules/typescript": {
      "version": "4.6.3",
      "resolved": "https://registry.npmjs.org/typescript/-/typescript-4.6.3.tgz",
      "integrity": "sha512-yNIatDa5iaofVozS/uQJEl3JRWLKKGJKh6Yaiv0GLGSuhpFJe7P3SbHZ8/yjAHRQwKRoA6YZqlfjXWmVzoVSMw==",
      "dev": true,
      "bin": {
        "tsc": "bin/tsc",
        "tsserver": "bin/tsserver"
      },
      "engines": {
        "node": ">=4.2.0"
      }
    },
    "../fft-api": {
      "version": "1.0.0",
      "license": "MIT",
      "dependencies": {
        "complex": "file:../complex"
      },
      "devDependencies": {
        "typescript": "^4.6.3"
      }
    },
    "../fft-api/node_modules/complex": {
      "resolved": "../complex",
      "link": true
    },
    "../fft-api/node_modules/typescript": {
      "version": "4.6.3",
      "resolved": "https://registry.npmjs.org/typescript/-/typescript-4.6.3.tgz",
      "integrity": "sha512-yNIatDa5iaofVozS/uQJEl3JRWLKKGJKh6Yaiv0GLGSuhpFJe7P3SbHZ8/yjAHRQwKRoA6YZqlfjXWmVzoVSMw==",
      "dev": true,
      "bin": {
        "tsc": "bin/tsc",
        "tsserver": "bin/tsserver"
      },
      "engines": {
        "node": ">=4.2.0"
      }
    },
    "node_modules/@types/node": {
      "version": "17.0.25",
      "resolved": "https://registry.npmjs.org/@types/node/-/node-17.0.25.tgz",
      "integrity": "sha512-wANk6fBrUwdpY4isjWrKTufkrXdu1D2YHCot2fD/DfWxF5sMrVSA+KN7ydckvaTCh0HiqX9IVl0L5/ZoXg5M7w==",
      "dev": true
    },
    "node_modules/base64": {
      "resolved": "../base64",
      "link": true
    },
    "node_modules/complex": {
      "resolved": "../complex",
      "link": true
    },
    "node_modules/fft-api": {
      "resolved": "../fft-api",
      "link": true
    },
    "node_modules/typescript": {
      "version": "4.6.3",
      "resolved": "https://registry.npmjs.org/typescript/-/typescript-4.6.3.tgz",
      "integrity": "sha512-yNIatDa5iaofVozS/uQJEl3JRWLKKGJKh6Yaiv0GLGSuhpFJe7P3SbHZ8/yjAHRQwKRoA6YZqlfjXWmVzoVSMw==",
      "dev": true,
      "bin": {
        "tsc": "bin/tsc",
        "tsserver": "bin/tsserver"
      },
      "engines": {
        "node": ">=4.2.0"
      }
    }
  },
  "dependencies": {
    "@types/node": {
      "version": "17.0.25",
      "resolved": "https://registry.npmjs.org/@types/node/-/node-17.0.25.tgz",
      "integrity": "sha512-wANk6fBrUwdpY4isjWrKTufkrXdu1D2YHCot2fD/DfWxF5sMrVSA+KN7ydckvaTCh0HiqX9IVl0L5/ZoXg5M7w==",
      "dev": true
    },
    "base64": {
      "version": "file:../base64",
      "requires": {
        "typescript": "^4.6.4"
      }
    },
    "complex": {
      "version": "file:../complex",
      "requires": {
        "typescript": "^4.6.3"
      },
      "dependencies": {
        "typescript": {
          "version": "4.6.3",
          "resolved": "https://registry.npmjs.org/typescript/-/typescript-4.6.3.tgz",
          "integrity": "sha512-yNIatDa5iaofVozS/uQJEl3JRWLKKGJKh6Yaiv0GLGSuhpFJe7P3SbHZ8/yjAHRQwKRoA6YZqlfjXWmVzoVSMw==",
          "dev": true
        }
      }
    },
    "fft-api": {
      "version": "file:../fft-api",
      "requires": {
        "complex": "file:../complex",
        "typescript": "^4.6.3"
      },
      "dependencies": {
        "complex": {
          "version": "file:../complex",
          "requires": {
            "typescript": "^4.6.3"
          },
          "dependencies": {
            "typescript": {
              "version": "4.6.3",
              "resolved": "https://registry.npmjs.org/typescript/-/typescript-4.6.3.tgz",
              "integrity": "sha512-yNIatDa5iaofVozS/uQJEl3JRWLKKGJKh6Yaiv0GLGSuhpFJe7P3SbHZ8/yjAHRQwKRoA6YZqlfjXWmVzoVSMw==",
              "dev": true
            }
          }
        },
        "typescript": {
          "version": "4.6.3",
          "resolved": "https://registry.npmjs.org/typescript/-/typescript-4.6.3.tgz",
          "integrity": "sha512-yNIatDa5iaofVozS/uQJEl3JRWLKKGJKh6Yaiv0GLGSuhpFJe7P3SbHZ8/yjAHRQwKRoA6YZqlfjXWmVzoVSMw==",
          "dev": true
        }
      }
    },
    "typescript": {
      "version": "4.6.3",
      "resolved": "https://registry.npmjs.org/typescript/-/typescript-4.6.3.tgz",
      "integrity": "sha512-yNIatDa5iaofVozS/uQJEl3JRWLKKGJKh6Yaiv0GLGSuhpFJe7P3SbHZ8/yjAHRQwKRoA6YZqlfjXWmVzoVSMw==",
      "dev": true
    }
  }
}
